
Microsoft Visual Studio Solution File, Format Version 12.00
# Visual Studio 15
VisualStudioVersion = 15.0.27703.2000
MinimumVisualStudioVersion = 10.0.40219.1
Project("{FAE04EC0-301F-11D3-BF4B-00C04F79EFBC}") = "TheEverythingStore", "TheEverythingStore\TheEverythingStore.csproj", "{28E3AA91-7CAB-4537-B051-A6169B4F9366}"
EndProject
Project("{FAE04EC0-301F-11D3-BF4B-00C04F79EFBC}") = "TheEverythingStore.Tests", "TheEverythingStore.Tests\TheEverythingStore.Tests.csproj", "{B777BC09-BEB3-4510-929A-EBC3E8C8EE4F}"
EndProject
Global
	GlobalSection(SolutionConfigurationPlatforms) = preSolution
		Debug|Any CPU = Debug|Any CPU
		Release|Any CPU = Release|Any CPU
	EndGlobalSection
	GlobalSection(ProjectConfigurationPlatforms) = postSolution
		{28E3AA91-7CAB-4537-B051-A6169B4F9366}.Debug|Any CPU.ActiveCfg = Debug|Any CPU
		{28E3AA91-7CAB-4537-B051-A6169B4F9366}.Debug|Any CPU.Build.0 = Debug|Any CPU
		{28E3AA91-7CAB-4537-B051-A6169B4F9366}.Release|Any CPU.ActiveCfg = Release|Any CPU
		{28E3AA91-7CAB-4537-B051-A6169B4F9366}.Release|Any CPU.Build.0 = Release|Any CPU
		{B777BC09-BEB3-4510-929A-EBC3E8C8EE4F}.Debug|Any CPU.ActiveCfg = Debug|Any CPU
		{B777BC09-BEB3-4510-929A-EBC3E8C8EE4F}.Debug|Any CPU.Build.0 = Debug|Any CPU
		{B777BC09-BEB3-4510-929A-EBC3E8C8EE4F}.Release|Any CPU.ActiveCfg = Release|Any CPU
		{B777BC09-BEB3-4510-929A-EBC3E8C8EE4F}.Release|Any CPU.Build.0 = Release|Any CPU
	EndGlobalSection
	GlobalSection(SolutionProperties) = preSolution
		HideSolutionNode = FALSE
	EndGlobalSection
	GlobalSection(ExtensibilityGlobals) = postSolution
		SolutionGuid = {4172509D-34E7-487C-ACDC-26C37CF80CA1}
	EndGlobalSection
EndGlobal
